
Microsoft Visual Studio Solution File, Format Version 12.00
# Visual Studio 15
VisualStudioVersion = 15.0.27428.2043
MinimumVisualStudioVersion = 10.0.40219.1
Project("{FAE04EC0-301F-11D3-BF4B-00C04F79EFBC}") = "addressbook_web_test", "addressbook_web_test\addressbook_web_test.csproj", "{CF950DF2-1838-4FD1-B763-677E4C851527}"
EndProject
Project("{FAE04EC0-301F-11D3-BF4B-00C04F79EFBC}") = "addressbook_test_data_generators", "ConsoleApp1\addressbook_test_data_generators.csproj", "{3D75F3BC-987C-45C2-A256-F6EA6307B765}"
	ProjectSection(ProjectDependencies) = postProject
		{CF950DF2-1838-4FD1-B763-677E4C851527} = {CF950DF2-1838-4FD1-B763-677E4C851527}
	EndProjectSection
EndProject
Global
	GlobalSection(SolutionConfigurationPlatforms) = preSolution
		Debug|Any CPU = Debug|Any CPU
		Release|Any CPU = Release|Any CPU
	EndGlobalSection
	GlobalSection(ProjectConfigurationPlatforms) = postSolution
		{CF950DF2-1838-4FD1-B763-677E4C851527}.Debug|Any CPU.ActiveCfg = Debug|Any CPU
		{CF950DF2-1838-4FD1-B763-677E4C851527}.Debug|Any CPU.Build.0 = Debug|Any CPU
		{CF950DF2-1838-4FD1-B763-677E4C851527}.Release|Any CPU.ActiveCfg = Release|Any CPU
		{CF950DF2-1838-4FD1-B763-677E4C851527}.Release|Any CPU.Build.0 = Release|Any CPU
		{3D75F3BC-987C-45C2-A256-F6EA6307B765}.Debug|Any CPU.ActiveCfg = Debug|Any CPU
		{3D75F3BC-987C-45C2-A256-F6EA6307B765}.Debug|Any CPU.Build.0 = Debug|Any CPU
		{3D75F3BC-987C-45C2-A256-F6EA6307B765}.Release|Any CPU.ActiveCfg = Release|Any CPU
		{3D75F3BC-987C-45C2-A256-F6EA6307B765}.Release|Any CPU.Build.0 = Release|Any CPU
	EndGlobalSection
	GlobalSection(SolutionProperties) = preSolution
		HideSolutionNode = FALSE
	EndGlobalSection
	GlobalSection(ExtensibilityGlobals) = postSolution
		SolutionGuid = {658B5B6B-E727-46AF-BD01-CC0CD3833F3E}
	EndGlobalSection
EndGlobal
